
Microsoft Visual Studio Solution File, Format Version 12.00
# Visual Studio Version 17
VisualStudioVersion = 17.4.33213.308
MinimumVisualStudioVersion = 10.0.40219.1
Project("{FAE04EC0-301F-11D3-BF4B-00C04F79EFBC}") = "Lesson2.4", "Lesson2.4\Lesson2.4.csproj", "{7A917C75-5035-45E7-9F78-2D21707498BC}"
EndProject
Global
	GlobalSection(SolutionConfigurationPlatforms) = preSolution
		Debug|Any CPU = Debug|Any CPU
		Release|Any CPU = Release|Any CPU
	EndGlobalSection
	GlobalSection(ProjectConfigurationPlatforms) = postSolution
		{7A917C75-5035-45E7-9F78-2D21707498BC}.Debug|Any CPU.ActiveCfg = Debug|Any CPU
		{7A917C75-5035-45E7-9F78-2D21707498BC}.Debug|Any CPU.Build.0 = Debug|Any CPU
		{7A917C75-5035-45E7-9F78-2D21707498BC}.Release|Any CPU.ActiveCfg = Release|Any CPU
		{7A917C75-5035-45E7-9F78-2D21707498BC}.Release|Any CPU.Build.0 = Release|Any CPU
	EndGlobalSection
	GlobalSection(SolutionProperties) = preSolution
		HideSolutionNode = FALSE
	EndGlobalSection
	GlobalSection(ExtensibilityGlobals) = postSolution
		SolutionGuid = {4B53D9AF-D20D-4DBA-918D-D56D3F5D1D43}
	EndGlobalSection
EndGlobal
